// !$*UTF8*$!
{
	archiveVersion = 1;
	classes = {
	};
	objectVersion = 55;
	objects = {

/* Begin PBXBuildFile section */
		1F2DE8AC2C6B67962E97FD1D /* Pods_Viajando_ViajandoUITests.framework in Frameworks */ = {isa = PBXBuildFile; fileRef = 9F3E42ED05E107A42C91F8A5 /* Pods_Viajando_ViajandoUITests.framework */; };
		7CEE9236475AA9D803C664A9 /* Pods_Viajando.framework in Frameworks */ = {isa = PBXBuildFile; fileRef = 1501365C916013FBF33B9C99 /* Pods_Viajando.framework */; };
		85AE92B428C82F010084C115 /* AppDelegate.swift in Sources */ = {isa = PBXBuildFile; fileRef = 85AE92B328C82F010084C115 /* AppDelegate.swift */; };
		85AE92B628C82F010084C115 /* SceneDelegate.swift in Sources */ = {isa = PBXBuildFile; fileRef = 85AE92B528C82F010084C115 /* SceneDelegate.swift */; };
		85AE92B828C82F010084C115 /* ViewController.swift in Sources */ = {isa = PBXBuildFile; fileRef = 85AE92B728C82F010084C115 /* ViewController.swift */; };
		85AE92BB28C82F010084C115 /* Main.storyboard in Resources */ = {isa = PBXBuildFile; fileRef = 85AE92B928C82F010084C115 /* Main.storyboard */; };
		85AE92BD28C82F020084C115 /* Assets.xcassets in Resources */ = {isa = PBXBuildFile; fileRef = 85AE92BC28C82F020084C115 /* Assets.xcassets */; };
		85AE92C028C82F020084C115 /* LaunchScreen.storyboard in Resources */ = {isa = PBXBuildFile; fileRef = 85AE92BE28C82F020084C115 /* LaunchScreen.storyboard */; };
		85AE92CB28C82F020084C115 /* ViajandoTests.swift in Sources */ = {isa = PBXBuildFile; fileRef = 85AE92CA28C82F020084C115 /* ViajandoTests.swift */; };
		85AE92D528C82F020084C115 /* ViajandoUITests.swift in Sources */ = {isa = PBXBuildFile; fileRef = 85AE92D428C82F020084C115 /* ViajandoUITests.swift */; };
		85AE92D728C82F020084C115 /* ViajandoUITestsLaunchTests.swift in Sources */ = {isa = PBXBuildFile; fileRef = 85AE92D628C82F020084C115 /* ViajandoUITestsLaunchTests.swift */; };
		99ED70C7D92E961CCCF1A994 /* Pods_ViajandoTests.framework in Frameworks */ = {isa = PBXBuildFile; fileRef = DEE040200117CBCD7DF6CAB8 /* Pods_ViajandoTests.framework */; };
/* End PBXBuildFile section */

/* Begin PBXContainerItemProxy section */
		85AE92C728C82F020084C115 /* PBXContainerItemProxy */ = {
			isa = PBXContainerItemProxy;
			containerPortal = 85AE92A828C82F010084C115 /* Project object */;
			proxyType = 1;
			remoteGlobalIDString = 85AE92AF28C82F010084C115;
			remoteInfo = Viajando;
		};
		85AE92D128C82F020084C115 /* PBXContainerItemProxy */ = {
			isa = PBXContainerItemProxy;
			containerPortal = 85AE92A828C82F010084C115 /* Project object */;
			proxyType = 1;
			remoteGlobalIDString = 85AE92AF28C82F010084C115;
			remoteInfo = Viajando;
		};
/* End PBXContainerItemProxy section */

/* Begin PBXFileReference section */
		05D8E8B6A8F3EDB358F2F34E /* Pods-Viajando-ViajandoUITests.release.xcconfig */ = {isa = PBXFileReference; includeInIndex = 1; lastKnownFileType = text.xcconfig; name = "Pods-Viajando-ViajandoUITests.release.xcconfig"; path = "Target Support Files/Pods-Viajando-ViajandoUITests/Pods-Viajando-ViajandoUITests.release.xcconfig"; sourceTree = "<group>"; };
		1501365C916013FBF33B9C99 /* Pods_Viajando.framework */ = {isa = PBXFileReference; explicitFileType = wrapper.framework; includeInIndex = 0; path = Pods_Viajando.framework; sourceTree = BUILT_PRODUCTS_DIR; };
		550CFDEBDEC4C15F35B14A45 /* Pods-Viajando.release.xcconfig */ = {isa = PBXFileReference; includeInIndex = 1; lastKnownFileType = text.xcconfig; name = "Pods-Viajando.release.xcconfig"; path = "Target Support Files/Pods-Viajando/Pods-Viajando.release.xcconfig"; sourceTree = "<group>"; };
		57FAE8FE79688F9111F9CF42 /* Pods-ViajandoTests.release.xcconfig */ = {isa = PBXFileReference; includeInIndex = 1; lastKnownFileType = text.xcconfig; name = "Pods-ViajandoTests.release.xcconfig"; path = "Target Support Files/Pods-ViajandoTests/Pods-ViajandoTests.release.xcconfig"; sourceTree = "<group>"; };
		592B54FEC3CDCA1CB68A1D34 /* Pods-Viajando-ViajandoUITests.debug.xcconfig */ = {isa = PBXFileReference; includeInIndex = 1; lastKnownFileType = text.xcconfig; name = "Pods-Viajando-ViajandoUITests.debug.xcconfig"; path = "Target Support Files/Pods-Viajando-ViajandoUITests/Pods-Viajando-ViajandoUITests.debug.xcconfig"; sourceTree = "<group>"; };
		7AA1E3D5E0AD7EE27533A205 /* Pods-ViajandoTests.debug.xcconfig */ = {isa = PBXFileReference; includeInIndex = 1; lastKnownFileType = text.xcconfig; name = "Pods-ViajandoTests.debug.xcconfig"; path = "Target Support Files/Pods-ViajandoTests/Pods-ViajandoTests.debug.xcconfig"; sourceTree = "<group>"; };
		85AE92B028C82F010084C115 /* Viajando.app */ = {isa = PBXFileReference; explicitFileType = wrapper.application; includeInIndex = 0; path = Viajando.app; sourceTree = BUILT_PRODUCTS_DIR; };
		85AE92B328C82F010084C115 /* AppDelegate.swift */ = {isa = PBXFileReference; lastKnownFileType = sourcecode.swift; path = AppDelegate.swift; sourceTree = "<group>"; };
		85AE92B528C82F010084C115 /* SceneDelegate.swift */ = {isa = PBXFileReference; lastKnownFileType = sourcecode.swift; path = SceneDelegate.swift; sourceTree = "<group>"; };
		85AE92B728C82F010084C115 /* ViewController.swift */ = {isa = PBXFileReference; lastKnownFileType = sourcecode.swift; path = ViewController.swift; sourceTree = "<group>"; };
		85AE92BA28C82F010084C115 /* Base */ = {isa = PBXFileReference; lastKnownFileType = file.storyboard; name = Base; path = Base.lproj/Main.storyboard; sourceTree = "<group>"; };
		85AE92BC28C82F020084C115 /* Assets.xcassets */ = {isa = PBXFileReference; lastKnownFileType = folder.assetcatalog; path = Assets.xcassets; sourceTree = "<group>"; };
		85AE92BF28C82F020084C115 /* Base */ = {isa = PBXFileReference; lastKnownFileType = file.storyboard; name = Base; path = Base.lproj/LaunchScreen.storyboard; sourceTree = "<group>"; };
		85AE92C128C82F020084C115 /* Info.plist */ = {isa = PBXFileReference; lastKnownFileType = text.plist.xml; path = Info.plist; sourceTree = "<group>"; };
		85AE92C628C82F020084C115 /* ViajandoTests.xctest */ = {isa = PBXFileReference; explicitFileType = wrapper.cfbundle; includeInIndex = 0; path = ViajandoTests.xctest; sourceTree = BUILT_PRODUCTS_DIR; };
		85AE92CA28C82F020084C115 /* ViajandoTests.swift */ = {isa = PBXFileReference; lastKnownFileType = sourcecode.swift; path = ViajandoTests.swift; sourceTree = "<group>"; };
		85AE92D028C82F020084C115 /* ViajandoUITests.xctest */ = {isa = PBXFileReference; explicitFileType = wrapper.cfbundle; includeInIndex = 0; path = ViajandoUITests.xctest; sourceTree = BUILT_PRODUCTS_DIR; };
		85AE92D428C82F020084C115 /* ViajandoUITests.swift */ = {isa = PBXFileReference; lastKnownFileType = sourcecode.swift; path = ViajandoUITests.swift; sourceTree = "<group>"; };
		85AE92D628C82F020084C115 /* ViajandoUITestsLaunchTests.swift */ = {isa = PBXFileReference; lastKnownFileType = sourcecode.swift; path = ViajandoUITestsLaunchTests.swift; sourceTree = "<group>"; };
		8641A84BDFD2F7C3E1CC605E /* Pods-Viajando.debug.xcconfig */ = {isa = PBXFileReference; includeInIndex = 1; lastKnownFileType = text.xcconfig; name = "Pods-Viajando.debug.xcconfig"; path = "Target Support Files/Pods-Viajando/Pods-Viajando.debug.xcconfig"; sourceTree = "<group>"; };
		9F3E42ED05E107A42C91F8A5 /* Pods_Viajando_ViajandoUITests.framework */ = {isa = PBXFileReference; explicitFileType = wrapper.framework; includeInIndex = 0; path = Pods_Viajando_ViajandoUITests.framework; sourceTree = BUILT_PRODUCTS_DIR; };
		DEE040200117CBCD7DF6CAB8 /* Pods_ViajandoTests.framework */ = {isa = PBXFileReference; explicitFileType = wrapper.framework; includeInIndex = 0; path = Pods_ViajandoTests.framework; sourceTree = BUILT_PRODUCTS_DIR; };
/* End PBXFileReference section */

/* Begin PBXFrameworksBuildPhase section */
		85AE92AD28C82F010084C115 /* Frameworks */ = {
			isa = PBXFrameworksBuildPhase;
			buildActionMask = 2147483647;
			files = (
				7CEE9236475AA9D803C664A9 /* Pods_Viajando.framework in Frameworks */,
			);
			runOnlyForDeploymentPostprocessing = 0;
		};
		85AE92C328C82F020084C115 /* Frameworks */ = {
			isa = PBXFrameworksBuildPhase;
			buildActionMask = 2147483647;
			files = (
				99ED70C7D92E961CCCF1A994 /* Pods_ViajandoTests.framework in Frameworks */,
			);
			runOnlyForDeploymentPostprocessing = 0;
		};
		85AE92CD28C82F020084C115 /* Frameworks */ = {
			isa = PBXFrameworksBuildPhase;
			buildActionMask = 2147483647;
			files = (
				1F2DE8AC2C6B67962E97FD1D /* Pods_Viajando_ViajandoUITests.framework in Frameworks */,
			);
			runOnlyForDeploymentPostprocessing = 0;
		};
/* End PBXFrameworksBuildPhase section */

/* Begin PBXGroup section */
		1C017EA058485A75A044FE8B /* Frameworks */ = {
			isa = PBXGroup;
			children = (
				1501365C916013FBF33B9C99 /* Pods_Viajando.framework */,
				9F3E42ED05E107A42C91F8A5 /* Pods_Viajando_ViajandoUITests.framework */,
				DEE040200117CBCD7DF6CAB8 /* Pods_ViajandoTests.framework */,
			);
			name = Frameworks;
			sourceTree = "<group>";
		};
		85AE92A728C82F010084C115 = {
			isa = PBXGroup;
			children = (
				85AE92B228C82F010084C115 /* Viajando */,
				85AE92C928C82F020084C115 /* ViajandoTests */,
				85AE92D328C82F020084C115 /* ViajandoUITests */,
				85AE92B128C82F010084C115 /* Products */,
				90F80D1D3761696BF5EF0A0E /* Pods */,
				1C017EA058485A75A044FE8B /* Frameworks */,
			);
			sourceTree = "<group>";
		};
		85AE92B128C82F010084C115 /* Products */ = {
			isa = PBXGroup;
			children = (
				85AE92B028C82F010084C115 /* Viajando.app */,
				85AE92C628C82F020084C115 /* ViajandoTests.xctest */,
				85AE92D028C82F020084C115 /* ViajandoUITests.xctest */,
			);
			name = Products;
			sourceTree = "<group>";
		};
		85AE92B228C82F010084C115 /* Viajando */ = {
			isa = PBXGroup;
			children = (
				85AE92B328C82F010084C115 /* AppDelegate.swift */,
				85AE92B528C82F010084C115 /* SceneDelegate.swift */,
				85AE92B728C82F010084C115 /* ViewController.swift */,
				85AE92B928C82F010084C115 /* Main.storyboard */,
				85AE92BC28C82F020084C115 /* Assets.xcassets */,
				85AE92BE28C82F020084C115 /* LaunchScreen.storyboard */,
				85AE92C128C82F020084C115 /* Info.plist */,
			);
			path = Viajando;
			sourceTree = "<group>";
		};
		85AE92C928C82F020084C115 /* ViajandoTests */ = {
			isa = PBXGroup;
			children = (
				85AE92CA28C82F020084C115 /* ViajandoTests.swift */,
			);
			path = ViajandoTests;
			sourceTree = "<group>";
		};
		85AE92D328C82F020084C115 /* ViajandoUITests */ = {
			isa = PBXGroup;
			children = (
				85AE92D428C82F020084C115 /* ViajandoUITests.swift */,
				85AE92D628C82F020084C115 /* ViajandoUITestsLaunchTests.swift */,
			);
			path = ViajandoUITests;
			sourceTree = "<group>";
		};
		90F80D1D3761696BF5EF0A0E /* Pods */ = {
			isa = PBXGroup;
			children = (
				8641A84BDFD2F7C3E1CC605E /* Pods-Viajando.debug.xcconfig */,
				550CFDEBDEC4C15F35B14A45 /* Pods-Viajando.release.xcconfig */,
				592B54FEC3CDCA1CB68A1D34 /* Pods-Viajando-ViajandoUITests.debug.xcconfig */,
				05D8E8B6A8F3EDB358F2F34E /* Pods-Viajando-ViajandoUITests.release.xcconfig */,
				7AA1E3D5E0AD7EE27533A205 /* Pods-ViajandoTests.debug.xcconfig */,
				57FAE8FE79688F9111F9CF42 /* Pods-ViajandoTests.release.xcconfig */,
			);
			name = Pods;
			path = Pods;
			sourceTree = "<group>";
		};
/* End PBXGroup section */

/* Begin PBXNativeTarget section */
		85AE92AF28C82F010084C115 /* Viajando */ = {
			isa = PBXNativeTarget;
			buildConfigurationList = 85AE92DA28C82F020084C115 /* Build configuration list for PBXNativeTarget "Viajando" */;
			buildPhases = (
				606DC69287FD7240EF0C3AE1 /* [CP] Check Pods Manifest.lock */,
				85AE92AC28C82F010084C115 /* Sources */,
				85AE92AD28C82F010084C115 /* Frameworks */,
				85AE92AE28C82F010084C115 /* Resources */,
			);
			buildRules = (
			);
			dependencies = (
			);
			name = Viajando;
			productName = Viajando;
			productReference = 85AE92B028C82F010084C115 /* Viajando.app */;
			productType = "com.apple.product-type.application";
		};
		85AE92C528C82F020084C115 /* ViajandoTests */ = {
			isa = PBXNativeTarget;
			buildConfigurationList = 85AE92DD28C82F020084C115 /* Build configuration list for PBXNativeTarget "ViajandoTests" */;
			buildPhases = (
				203EA08AEE5D2FDFD03EF508 /* [CP] Check Pods Manifest.lock */,
				85AE92C228C82F020084C115 /* Sources */,
				85AE92C328C82F020084C115 /* Frameworks */,
				85AE92C428C82F020084C115 /* Resources */,
			);
			buildRules = (
			);
			dependencies = (
				85AE92C828C82F020084C115 /* PBXTargetDependency */,
			);
			name = ViajandoTests;
			productName = ViajandoTests;
			productReference = 85AE92C628C82F020084C115 /* ViajandoTests.xctest */;
			productType = "com.apple.product-type.bundle.unit-test";
		};
		85AE92CF28C82F020084C115 /* ViajandoUITests */ = {
			isa = PBXNativeTarget;
			buildConfigurationList = 85AE92E028C82F020084C115 /* Build configuration list for PBXNativeTarget "ViajandoUITests" */;
			buildPhases = (
				D39D52C9EC66CEDCF282C2A7 /* [CP] Check Pods Manifest.lock */,
				85AE92CC28C82F020084C115 /* Sources */,
				85AE92CD28C82F020084C115 /* Frameworks */,
				85AE92CE28C82F020084C115 /* Resources */,
			);
			buildRules = (
			);
			dependencies = (
				85AE92D228C82F020084C115 /* PBXTargetDependency */,
			);
			name = ViajandoUITests;
			productName = ViajandoUITests;
			productReference = 85AE92D028C82F020084C115 /* ViajandoUITests.xctest */;
			productType = "com.apple.product-type.bundle.ui-testing";
		};
/* End PBXNativeTarget section */

/* Begin PBXProject section */
		85AE92A828C82F010084C115 /* Project object */ = {
			isa = PBXProject;
			attributes = {
				BuildIndependentTargetsInParallel = 1;
				LastSwiftUpdateCheck = 1340;
				LastUpgradeCheck = 1340;
				TargetAttributes = {
					85AE92AF28C82F010084C115 = {
						CreatedOnToolsVersion = 13.4.1;
					};
					85AE92C528C82F020084C115 = {
						CreatedOnToolsVersion = 13.4.1;
						TestTargetID = 85AE92AF28C82F010084C115;
					};
					85AE92CF28C82F020084C115 = {
						CreatedOnToolsVersion = 13.4.1;
						TestTargetID = 85AE92AF28C82F010084C115;
					};
				};
			};
			buildConfigurationList = 85AE92AB28C82F010084C115 /* Build configuration list for PBXProject "Viajando" */;
			compatibilityVersion = "Xcode 13.0";
			developmentRegion = en;
			hasScannedForEncodings = 0;
			knownRegions = (
				en,
				Base,
			);
			mainGroup = 85AE92A728C82F010084C115;
			productRefGroup = 85AE92B128C82F010084C115 /* Products */;
			projectDirPath = "";
			projectRoot = "";
			targets = (
				85AE92AF28C82F010084C115 /* Viajando */,
				85AE92C528C82F020084C115 /* ViajandoTests */,
				85AE92CF28C82F020084C115 /* ViajandoUITests */,
			);
		};
/* End PBXProject section */

/* Begin PBXResourcesBuildPhase section */
		85AE92AE28C82F010084C115 /* Resources */ = {
			isa = PBXResourcesBuildPhase;
			buildActionMask = 2147483647;
			files = (
				85AE92C028C82F020084C115 /* LaunchScreen.storyboard in Resources */,
				85AE92BD28C82F020084C115 /* Assets.xcassets in Resources */,
				85AE92BB28C82F010084C115 /* Main.storyboard in Resources */,
			);
			runOnlyForDeploymentPostprocessing = 0;
		};
		85AE92C428C82F020084C115 /* Resources */ = {
			isa = PBXResourcesBuildPhase;
			buildActionMask = 2147483647;
			files = (
			);
			runOnlyForDeploymentPostprocessing = 0;
		};
		85AE92CE28C82F020084C115 /* Resources */ = {
			isa = PBXResourcesBuildPhase;
			buildActionMask = 2147483647;
			files = (
			);
			runOnlyForDeploymentPostprocessing = 0;
		};
/* End PBXResourcesBuildPhase section */

/* Begin PBXShellScriptBuildPhase section */
		203EA08AEE5D2FDFD03EF508 /* [CP] Check Pods Manifest.lock */ = {
			isa = PBXShellScriptBuildPhase;
			buildActionMask = 2147483647;
			files = (
			);
			inputFileListPaths = (
			);
			inputPaths = (
				"${PODS_PODFILE_DIR_PATH}/Podfile.lock",
				"${PODS_ROOT}/Manifest.lock",
			);
			name = "[CP] Check Pods Manifest.lock";
			outputFileListPaths = (
			);
			outputPaths = (
				"$(DERIVED_FILE_DIR)/Pods-ViajandoTests-checkManifestLockResult.txt",
			);
			runOnlyForDeploymentPostprocessing = 0;
			shellPath = /bin/sh;
			shellScript = "diff \"${PODS_PODFILE_DIR_PATH}/Podfile.lock\" \"${PODS_ROOT}/Manifest.lock\" > /dev/null\nif [ $? != 0 ] ; then\n    # print error to STDERR\n    echo \"error: The sandbox is not in sync with the Podfile.lock. Run 'pod install' or update your CocoaPods installation.\" >&2\n    exit 1\nfi\n# This output is used by Xcode 'outputs' to avoid re-running this script phase.\necho \"SUCCESS\" > \"${SCRIPT_OUTPUT_FILE_0}\"\n";
			showEnvVarsInLog = 0;
		};
		606DC69287FD7240EF0C3AE1 /* [CP] Check Pods Manifest.lock */ = {
			isa = PBXShellScriptBuildPhase;
			buildActionMask = 2147483647;
			files = (
			);
			inputFileListPaths = (
			);
			inputPaths = (
				"${PODS_PODFILE_DIR_PATH}/Podfile.lock",
				"${PODS_ROOT}/Manifest.lock",
			);
			name = "[CP] Check Pods Manifest.lock";
			outputFileListPaths = (
			);
			outputPaths = (
				"$(DERIVED_FILE_DIR)/Pods-Viajando-checkManifestLockResult.txt",
			);
			runOnlyForDeploymentPostprocessing = 0;
			shellPath = /bin/sh;
			shellScript = "diff \"${PODS_PODFILE_DIR_PATH}/Podfile.lock\" \"${PODS_ROOT}/Manifest.lock\" > /dev/null\nif [ $? != 0 ] ; then\n    # print error to STDERR\n    echo \"error: The sandbox is not in sync with the Podfile.lock. Run 'pod install' or update your CocoaPods installation.\" >&2\n    exit 1\nfi\n# This output is used by Xcode 'outputs' to avoid re-running this script phase.\necho \"SUCCESS\" > \"${SCRIPT_OUTPUT_FILE_0}\"\n";
			showEnvVarsInLog = 0;
		};
		D39D52C9EC66CEDCF282C2A7 /* [CP] Check Pods Manifest.lock */ = {
			isa = PBXShellScriptBuildPhase;
			buildActionMask = 2147483647;
			files = (
			);
			inputFileListPaths = (
			);
			inputPaths = (
				"${PODS_PODFILE_DIR_PATH}/Podfile.lock",
				"${PODS_ROOT}/Manifest.lock",
			);
			name = "[CP] Check Pods Manifest.lock";
			outputFileListPaths = (
			);
			outputPaths = (
				"$(DERIVED_FILE_DIR)/Pods-Viajando-ViajandoUITests-checkManifestLockResult.txt",
			);
			runOnlyForDeploymentPostprocessing = 0;
			shellPath = /bin/sh;
			shellScript = "diff \"${PODS_PODFILE_DIR_PATH}/Podfile.lock\" \"${PODS_ROOT}/Manifest.lock\" > /dev/null\nif [ $? != 0 ] ; then\n    # print error to STDERR\n    echo \"error: The sandbox is not in sync with the Podfile.lock. Run 'pod install' or update your CocoaPods installation.\" >&2\n    exit 1\nfi\n# This output is used by Xcode 'outputs' to avoid re-running this script phase.\necho \"SUCCESS\" > \"${SCRIPT_OUTPUT_FILE_0}\"\n";
			showEnvVarsInLog = 0;
		};
/* End PBXShellScriptBuildPhase section */

/* Begin PBXSourcesBuildPhase section */
		85AE92AC28C82F010084C115 /* Sources */ = {
			isa = PBXSourcesBuildPhase;
			buildActionMask = 2147483647;
			files = (
				85AE92B828C82F010084C115 /* ViewController.swift in Sources */,
				85AE92B428C82F010084C115 /* AppDelegate.swift in Sources */,
				85AE92B628C82F010084C115 /* SceneDelegate.swift in Sources */,
			);
			runOnlyForDeploymentPostprocessing = 0;
		};
		85AE92C228C82F020084C115 /* Sources */ = {
			isa = PBXSourcesBuildPhase;
			buildActionMask = 2147483647;
			files = (
				85AE92CB28C82F020084C115 /* ViajandoTests.swift in Sources */,
			);
			runOnlyForDeploymentPostprocessing = 0;
		};
		85AE92CC28C82F020084C115 /* Sources */ = {
			isa = PBXSourcesBuildPhase;
			buildActionMask = 2147483647;
			files = (
				85AE92D728C82F020084C115 /* ViajandoUITestsLaunchTests.swift in Sources */,
				85AE92D528C82F020084C115 /* ViajandoUITests.swift in Sources */,
			);
			runOnlyForDeploymentPostprocessing = 0;
		};
/* End PBXSourcesBuildPhase section */

/* Begin PBXTargetDependency section */
		85AE92C828C82F020084C115 /* PBXTargetDependency */ = {
			isa = PBXTargetDependency;
			target = 85AE92AF28C82F010084C115 /* Viajando */;
			targetProxy = 85AE92C728C82F020084C115 /* PBXContainerItemProxy */;
		};
		85AE92D228C82F020084C115 /* PBXTargetDependency */ = {
			isa = PBXTargetDependency;
			target = 85AE92AF28C82F010084C115 /* Viajando */;
			targetProxy = 85AE92D128C82F020084C115 /* PBXContainerItemProxy */;
		};
/* End PBXTargetDependency section */

/* Begin PBXVariantGroup section */
		85AE92B928C82F010084C115 /* Main.storyboard */ = {
			isa = PBXVariantGroup;
			children = (
				85AE92BA28C82F010084C115 /* Base */,
			);
			name = Main.storyboard;
			sourceTree = "<group>";
		};
		85AE92BE28C82F020084C115 /* LaunchScreen.storyboard */ = {
			isa = PBXVariantGroup;
			children = (
				85AE92BF28C82F020084C115 /* Base */,
			);
			name = LaunchScreen.storyboard;
			sourceTree = "<group>";
		};
/* End PBXVariantGroup section */

/* Begin XCBuildConfiguration section */
		85AE92D828C82F020084C115 /* Debug */ = {
			isa = XCBuildConfiguration;
			buildSettings = {
				ALWAYS_SEARCH_USER_PATHS = NO;
				CLANG_ANALYZER_NONNULL = YES;
				CLANG_ANALYZER_NUMBER_OBJECT_CONVERSION = YES_AGGRESSIVE;
				CLANG_CXX_LANGUAGE_STANDARD = "gnu++17";
				CLANG_ENABLE_MODULES = YES;
				CLANG_ENABLE_OBJC_ARC = YES;
				CLANG_ENABLE_OBJC_WEAK = YES;
				CLANG_WARN_BLOCK_CAPTURE_AUTORELEASING = YES;
				CLANG_WARN_BOOL_CONVERSION = YES;
				CLANG_WARN_COMMA = YES;
				CLANG_WARN_CONSTANT_CONVERSION = YES;
				CLANG_WARN_DEPRECATED_OBJC_IMPLEMENTATIONS = YES;
				CLANG_WARN_DIRECT_OBJC_ISA_USAGE = YES_ERROR;
				CLANG_WARN_DOCUMENTATION_COMMENTS = YES;
				CLANG_WARN_EMPTY_BODY = YES;
				CLANG_WARN_ENUM_CONVERSION = YES;
				CLANG_WARN_INFINITE_RECURSION = YES;
				CLANG_WARN_INT_CONVERSION = YES;
				CLANG_WARN_NON_LITERAL_NULL_CONVERSION = YES;
				CLANG_WARN_OBJC_IMPLICIT_RETAIN_SELF = YES;
				CLANG_WARN_OBJC_LITERAL_CONVERSION = YES;
				CLANG_WARN_OBJC_ROOT_CLASS = YES_ERROR;
				CLANG_WARN_QUOTED_INCLUDE_IN_FRAMEWORK_HEADER = YES;
				CLANG_WARN_RANGE_LOOP_ANALYSIS = YES;
				CLANG_WARN_STRICT_PROTOTYPES = YES;
				CLANG_WARN_SUSPICIOUS_MOVE = YES;
				CLANG_WARN_UNGUARDED_AVAILABILITY = YES_AGGRESSIVE;
				CLANG_WARN_UNREACHABLE_CODE = YES;
				CLANG_WARN__DUPLICATE_METHOD_MATCH = YES;
				COPY_PHASE_STRIP = NO;
				DEBUG_INFORMATION_FORMAT = dwarf;
				ENABLE_STRICT_OBJC_MSGSEND = YES;
				ENABLE_TESTABILITY = YES;
				GCC_C_LANGUAGE_STANDARD = gnu11;
				GCC_DYNAMIC_NO_PIC = NO;
				GCC_NO_COMMON_BLOCKS = YES;
				GCC_OPTIMIZATION_LEVEL = 0;
				GCC_PREPROCESSOR_DEFINITIONS = (
					"DEBUG=1",
					"$(inherited)",
				);
				GCC_WARN_64_TO_32_BIT_CONVERSION = YES;
				GCC_WARN_ABOUT_RETURN_TYPE = YES_ERROR;
				GCC_WARN_UNDECLARED_SELECTOR = YES;
				GCC_WARN_UNINITIALIZED_AUTOS = YES_AGGRESSIVE;
				GCC_WARN_UNUSED_FUNCTION = YES;
				GCC_WARN_UNUSED_VARIABLE = YES;
				IPHONEOS_DEPLOYMENT_TARGET = 15.5;
				MTL_ENABLE_DEBUG_INFO = INCLUDE_SOURCE;
				MTL_FAST_MATH = YES;
				ONLY_ACTIVE_ARCH = YES;
				SDKROOT = iphoneos;
				SWIFT_ACTIVE_COMPILATION_CONDITIONS = DEBUG;
				SWIFT_OPTIMIZATION_LEVEL = "-Onone";
			};
			name = Debug;
		};
		85AE92D928C82F020084C115 /* Release */ = {
			isa = XCBuildConfiguration;
			buildSettings = {
				ALWAYS_SEARCH_USER_PATHS = NO;
				CLANG_ANALYZER_NONNULL = YES;
				CLANG_ANALYZER_NUMBER_OBJECT_CONVERSION = YES_AGGRESSIVE;
				CLANG_CXX_LANGUAGE_STANDARD = "gnu++17";
				CLANG_ENABLE_MODULES = YES;
				CLANG_ENABLE_OBJC_ARC = YES;
				CLANG_ENABLE_OBJC_WEAK = YES;
				CLANG_WARN_BLOCK_CAPTURE_AUTORELEASING = YES;
				CLANG_WARN_BOOL_CONVERSION = YES;
				CLANG_WARN_COMMA = YES;
				CLANG_WARN_CONSTANT_CONVERSION = YES;
				CLANG_WARN_DEPRECATED_OBJC_IMPLEMENTATIONS = YES;
				CLANG_WARN_DIRECT_OBJC_ISA_USAGE = YES_ERROR;
				CLANG_WARN_DOCUMENTATION_COMMENTS = YES;
				CLANG_WARN_EMPTY_BODY = YES;
				CLANG_WARN_ENUM_CONVERSION = YES;
				CLANG_WARN_INFINITE_RECURSION = YES;
				CLANG_WARN_INT_CONVERSION = YES;
				CLANG_WARN_NON_LITERAL_NULL_CONVERSION = YES;
				CLANG_WARN_OBJC_IMPLICIT_RETAIN_SELF = YES;
				CLANG_WARN_OBJC_LITERAL_CONVERSION = YES;
				CLANG_WARN_OBJC_ROOT_CLASS = YES_ERROR;
				CLANG_WARN_QUOTED_INCLUDE_IN_FRAMEWORK_HEADER = YES;
				CLANG_WARN_RANGE_LOOP_ANALYSIS = YES;
				CLANG_WARN_STRICT_PROTOTYPES = YES;
				CLANG_WARN_SUSPICIOUS_MOVE = YES;
				CLANG_WARN_UNGUARDED_AVAILABILITY = YES_AGGRESSIVE;
				CLANG_WARN_UNREACHABLE_CODE = YES;
				CLANG_WARN__DUPLICATE_METHOD_MATCH = YES;
				COPY_PHASE_STRIP = NO;
				DEBUG_INFORMATION_FORMAT = "dwarf-with-dsym";
				ENABLE_NS_ASSERTIONS = NO;
				ENABLE_STRICT_OBJC_MSGSEND = YES;
				GCC_C_LANGUAGE_STANDARD = gnu11;
				GCC_NO_COMMON_BLOCKS = YES;
				GCC_WARN_64_TO_32_BIT_CONVERSION = YES;
				GCC_WARN_ABOUT_RETURN_TYPE = YES_ERROR;
				GCC_WARN_UNDECLARED_SELECTOR = YES;
				GCC_WARN_UNINITIALIZED_AUTOS = YES_AGGRESSIVE;
				GCC_WARN_UNUSED_FUNCTION = YES;
				GCC_WARN_UNUSED_VARIABLE = YES;
				IPHONEOS_DEPLOYMENT_TARGET = 15.5;
				MTL_ENABLE_DEBUG_INFO = NO;
				MTL_FAST_MATH = YES;
				SDKROOT = iphoneos;
				SWIFT_COMPILATION_MODE = wholemodule;
				SWIFT_OPTIMIZATION_LEVEL = "-O";
				VALIDATE_PRODUCT = YES;
			};
			name = Release;
		};
		85AE92DB28C82F020084C115 /* Debug */ = {
			isa = XCBuildConfiguration;
			baseConfigurationReference = 8641A84BDFD2F7C3E1CC605E /* Pods-Viajando.debug.xcconfig */;
			buildSettings = {
				ASSETCATALOG_COMPILER_APPICON_NAME = AppIcon;
				ASSETCATALOG_COMPILER_GLOBAL_ACCENT_COLOR_NAME = AccentColor;
				CODE_SIGN_STYLE = Automatic;
				CURRENT_PROJECT_VERSION = 1;
				DEVELOPMENT_TEAM = F2MBMJ3PK6;
				GENERATE_INFOPLIST_FILE = YES;
				INFOPLIST_FILE = Viajando/Info.plist;
				INFOPLIST_KEY_UIApplicationSupportsIndirectInputEvents = YES;
				INFOPLIST_KEY_UILaunchStoryboardName = LaunchScreen;
				INFOPLIST_KEY_UIMainStoryboardFile = Main;
				INFOPLIST_KEY_UISupportedInterfaceOrientations_iPad = "UIInterfaceOrientationPortrait UIInterfaceOrientationPortraitUpsideDown UIInterfaceOrientationLandscapeLeft UIInterfaceOrientationLandscapeRight";
				INFOPLIST_KEY_UISupportedInterfaceOrientations_iPhone = "UIInterfaceOrientationPortrait UIInterfaceOrientationLandscapeLeft UIInterfaceOrientationLandscapeRight";
				LD_RUNPATH_SEARCH_PATHS = (
					"$(inherited)",
					"@executable_path/Frameworks",
				);
				MARKETING_VERSION = 1.0;
				PRODUCT_BUNDLE_IDENTIFIER = com.joan.wilson.Viajando;
				PRODUCT_NAME = "$(TARGET_NAME)";
				SWIFT_EMIT_LOC_STRINGS = YES;
				SWIFT_VERSION = 5.0;
				TARGETED_DEVICE_FAMILY = "1,2";
			};
			name = Debug;
		};
		85AE92DC28C82F020084C115 /* Release */ = {
			isa = XCBuildConfiguration;
			baseConfigurationReference = 550CFDEBDEC4C15F35B14A45 /* Pods-Viajando.release.xcconfig */;
			buildSettings = {
				ASSETCATALOG_COMPILER_APPICON_NAME = AppIcon;
				ASSETCATALOG_COMPILER_GLOBAL_ACCENT_COLOR_NAME = AccentColor;
				CODE_SIGN_STYLE = Automatic;
				CURRENT_PROJECT_VERSION = 1;
				DEVELOPMENT_TEAM = F2MBMJ3PK6;
				GENERATE_INFOPLIST_FILE = YES;
				INFOPLIST_FILE = Viajando/Info.plist;
				INFOPLIST_KEY_UIApplicationSupportsIndirectInputEvents = YES;
				INFOPLIST_KEY_UILaunchStoryboardName = LaunchScreen;
				INFOPLIST_KEY_UIMainStoryboardFile = Main;
				INFOPLIST_KEY_UISupportedInterfaceOrientations_iPad = "UIInterfaceOrientationPortrait UIInterfaceOrientationPortraitUpsideDown UIInterfaceOrientationLandscapeLeft UIInterfaceOrientationLandscapeRight";
				INFOPLIST_KEY_UISupportedInterfaceOrientations_iPhone = "UIInterfaceOrientationPortrait UIInterfaceOrientationLandscapeLeft UIInterfaceOrientationLandscapeRight";
				LD_RUNPATH_SEARCH_PATHS = (
					"$(inherited)",
					"@executable_path/Frameworks",
				);
				MARKETING_VERSION = 1.0;
				PRODUCT_BUNDLE_IDENTIFIER = com.joan.wilson.Viajando;
				PRODUCT_NAME = "$(TARGET_NAME)";
				SWIFT_EMIT_LOC_STRINGS = YES;
				SWIFT_VERSION = 5.0;
				TARGETED_DEVICE_FAMILY = "1,2";
			};
			name = Release;
		};
		85AE92DE28C82F020084C115 /* Debug */ = {
			isa = XCBuildConfiguration;
			baseConfigurationReference = 7AA1E3D5E0AD7EE27533A205 /* Pods-ViajandoTests.debug.xcconfig */;
			buildSettings = {
				ALWAYS_EMBED_SWIFT_STANDARD_LIBRARIES = YES;
				BUNDLE_LOADER = "$(TEST_HOST)";
				CODE_SIGN_STYLE = Automatic;
				CURRENT_PROJECT_VERSION = 1;
				DEVELOPMENT_TEAM = F2MBMJ3PK6;
				GENERATE_INFOPLIST_FILE = YES;
				IPHONEOS_DEPLOYMENT_TARGET = 15.5;
				MARKETING_VERSION = 1.0;
				PRODUCT_BUNDLE_IDENTIFIER = com.joan.wilson.ViajandoTests;
				PRODUCT_NAME = "$(TARGET_NAME)";
				SWIFT_EMIT_LOC_STRINGS = NO;
				SWIFT_VERSION = 5.0;
				TARGETED_DEVICE_FAMILY = "1,2";
				TEST_HOST = "$(BUILT_PRODUCTS_DIR)/Viajando.app/Viajando";
			};
			name = Debug;
		};
		85AE92DF28C82F020084C115 /* Release */ = {
			isa = XCBuildConfiguration;
			baseConfigurationReference = 57FAE8FE79688F9111F9CF42 /* Pods-ViajandoTests.release.xcconfig */;
			buildSettings = {
				ALWAYS_EMBED_SWIFT_STANDARD_LIBRARIES = YES;
				BUNDLE_LOADER = "$(TEST_HOST)";
				CODE_SIGN_STYLE = Automatic;
				CURRENT_PROJECT_VERSION = 1;
				DEVELOPMENT_TEAM = F2MBMJ3PK6;
				GENERATE_INFOPLIST_FILE = YES;
				IPHONEOS_DEPLOYMENT_TARGET = 15.5;
				MARKETING_VERSION = 1.0;
				PRODUCT_BUNDLE_IDENTIFIER = com.joan.wilson.ViajandoTests;
				PRODUCT_NAME = "$(TARGET_NAME)";
				SWIFT_EMIT_LOC_STRINGS = NO;
				SWIFT_VERSION = 5.0;
				TARGETED_DEVICE_FAMILY = "1,2";
				TEST_HOST = "$(BUILT_PRODUCTS_DIR)/Viajando.app/Viajando";
			};
			name = Release;
		};
		85AE92E128C82F020084C115 /* Debug */ = {
			isa = XCBuildConfiguration;
			baseConfigurationReference = 592B54FEC3CDCA1CB68A1D34 /* Pods-Viajando-ViajandoUITests.debug.xcconfig */;
			buildSettings = {
				ALWAYS_EMBED_SWIFT_STANDARD_LIBRARIES = YES;
				CODE_SIGN_STYLE = Automatic;
				CURRENT_PROJECT_VERSION = 1;
				DEVELOPMENT_TEAM = F2MBMJ3PK6;
				GENERATE_INFOPLIST_FILE = YES;
				MARKETING_VERSION = 1.0;
				PRODUCT_BUNDLE_IDENTIFIER = com.joan.wilson.ViajandoUITests;
				PRODUCT_NAME = "$(TARGET_NAME)";
				SWIFT_EMIT_LOC_STRINGS = NO;
				SWIFT_VERSION = 5.0;
				TARGETED_DEVICE_FAMILY = "1,2";
				TEST_TARGET_NAME = Viajando;
			};
			name = Debug;
		};
		85AE92E228C82F020084C115 /* Release */ = {
			isa = XCBuildConfiguration;
			baseConfigurationReference = 05D8E8B6A8F3EDB358F2F34E /* Pods-Viajando-ViajandoUITests.release.xcconfig */;
			buildSettings = {
				ALWAYS_EMBED_SWIFT_STANDARD_LIBRARIES = YES;
				CODE_SIGN_STYLE = Automatic;
				CURRENT_PROJECT_VERSION = 1;
				DEVELOPMENT_TEAM = F2MBMJ3PK6;
				GENERATE_INFOPLIST_FILE = YES;
				MARKETING_VERSION = 1.0;
				PRODUCT_BUNDLE_IDENTIFIER = com.joan.wilson.ViajandoUITests;
				PRODUCT_NAME = "$(TARGET_NAME)";
				SWIFT_EMIT_LOC_STRINGS = NO;
				SWIFT_VERSION = 5.0;
				TARGETED_DEVICE_FAMILY = "1,2";
				TEST_TARGET_NAME = Viajando;
			};
			name = Release;
		};
/* End XCBuildConfiguration section */

/* Begin XCConfigurationList section */
		85AE92AB28C82F010084C115 /* Build configuration list for PBXProject "Viajando" */ = {
			isa = XCConfigurationList;
			buildConfigurations = (
				85AE92D828C82F020084C115 /* Debug */,
				85AE92D928C82F020084C115 /* Release */,
			);
			defaultConfigurationIsVisible = 0;
			defaultConfigurationName = Release;
		};
		85AE92DA28C82F020084C115 /* Build configuration list for PBXNativeTarget "Viajando" */ = {
			isa = XCConfigurationList;
			buildConfigurations = (
				85AE92DB28C82F020084C115 /* Debug */,
				85AE92DC28C82F020084C115 /* Release */,
			);
			defaultConfigurationIsVisible = 0;
			defaultConfigurationName = Release;
		};
		85AE92DD28C82F020084C115 /* Build configuration list for PBXNativeTarget "ViajandoTests" */ = {
			isa = XCConfigurationList;
			buildConfigurations = (
				85AE92DE28C82F020084C115 /* Debug */,
				85AE92DF28C82F020084C115 /* Release */,
			);
			defaultConfigurationIsVisible = 0;
			defaultConfigurationName = Release;
		};
		85AE92E028C82F020084C115 /* Build configuration list for PBXNativeTarget "ViajandoUITests" */ = {
			isa = XCConfigurationList;
			buildConfigurations = (
				85AE92E128C82F020084C115 /* Debug */,
				85AE92E228C82F020084C115 /* Release */,
			);
			defaultConfigurationIsVisible = 0;
			defaultConfigurationName = Release;
		};
/* End XCConfigurationList section */
	};
	rootObject = 85AE92A828C82F010084C115 /* Project object */;
}
